
Microsoft Visual Studio Solution File, Format Version 12.00
# Visual Studio Version 17
VisualStudioVersion = 17.0.32014.148
MinimumVisualStudioVersion = 10.0.40219.1
Project("{FAE04EC0-301F-11D3-BF4B-00C04F79EFBC}") = "smallest subarray sum greater than k", "smallest subarray sum greater than k\smallest subarray sum greater than k.csproj", "{07F1A95D-361F-461C-BDA2-241C121C04B1}"
EndProject
Global
	GlobalSection(SolutionConfigurationPlatforms) = preSolution
		Debug|Any CPU = Debug|Any CPU
		Release|Any CPU = Release|Any CPU
	EndGlobalSection
	GlobalSection(ProjectConfigurationPlatforms) = postSolution
		{07F1A95D-361F-461C-BDA2-241C121C04B1}.Debug|Any CPU.ActiveCfg = Debug|Any CPU
		{07F1A95D-361F-461C-BDA2-241C121C04B1}.Debug|Any CPU.Build.0 = Debug|Any CPU
		{07F1A95D-361F-461C-BDA2-241C121C04B1}.Release|Any CPU.ActiveCfg = Release|Any CPU
		{07F1A95D-361F-461C-BDA2-241C121C04B1}.Release|Any CPU.Build.0 = Release|Any CPU
	EndGlobalSection
	GlobalSection(SolutionProperties) = preSolution
		HideSolutionNode = FALSE
	EndGlobalSection
	GlobalSection(ExtensibilityGlobals) = postSolution
		SolutionGuid = {3CAFD49E-0498-420A-AFA9-BEED0446A158}
	EndGlobalSection
EndGlobal
